github.com/mxmauro/go-rundownprotection v1.3.0 h1:abVFEFO2F/BC9Vur2xsERb1qlZdGUs4+j7aQYZz3UUo=
github.com/mxmauro/go-rundownprotection v1.3.0/go.mod h1:mNKGszJg1OtyFooXJX5SXm+etcVSzveRi+1AjK3Xw1w=
github.com/mxmauro/resetevent v1.0.0 h1:BLgc1dxcFQybZT5khESPlqyC697H2ebg7cd8qVcVaO4=
github.com/mxmauro/resetevent v1.0.0/go.mod h1:ROHItKURwt5mvdzFUR165S2fGtrVV3PffPYIITmrzhA=
